
Microsoft Visual Studio Solution File, Format Version 12.00
# Visual Studio Version 16
VisualStudioVersion = 16.0.29613.14
MinimumVisualStudioVersion = 10.0.40219.1
Project("{9A19103F-16F7-4668-BE54-9A1E7A4F7556}") = "BatchFunc", "BatchFunc\BatchFunc.csproj", "{BB09BA34-852B-4733-9273-11BCCA66062A}"
EndProject
Project("{9A19103F-16F7-4668-BE54-9A1E7A4F7556}") = "SBReader", "SBReader\SBReader.csproj", "{454DC664-C09A-4F6A-9721-D72160D8CCBD}"
EndProject
Project("{FAE04EC0-301F-11D3-BF4B-00C04F79EFBC}") = "CalcAPI", "CalcAPI\CalcAPI.csproj", "{18E7E394-253E-4307-A93B-1D5EE9E21755}"
EndProject
Global
	GlobalSection(SolutionConfigurationPlatforms) = preSolution
		Debug|Any CPU = Debug|Any CPU
		Release|Any CPU = Release|Any CPU
	EndGlobalSection
	GlobalSection(ProjectConfigurationPlatforms) = postSolution
		{BB09BA34-852B-4733-9273-11BCCA66062A}.Debug|Any CPU.ActiveCfg = Debug|Any CPU
		{BB09BA34-852B-4733-9273-11BCCA66062A}.Debug|Any CPU.Build.0 = Debug|Any CPU
		{BB09BA34-852B-4733-9273-11BCCA66062A}.Release|Any CPU.ActiveCfg = Release|Any CPU
		{BB09BA34-852B-4733-9273-11BCCA66062A}.Release|Any CPU.Build.0 = Release|Any CPU
		{454DC664-C09A-4F6A-9721-D72160D8CCBD}.Debug|Any CPU.ActiveCfg = Debug|Any CPU
		{454DC664-C09A-4F6A-9721-D72160D8CCBD}.Debug|Any CPU.Build.0 = Debug|Any CPU
		{454DC664-C09A-4F6A-9721-D72160D8CCBD}.Release|Any CPU.ActiveCfg = Release|Any CPU
		{454DC664-C09A-4F6A-9721-D72160D8CCBD}.Release|Any CPU.Build.0 = Release|Any CPU
		{18E7E394-253E-4307-A93B-1D5EE9E21755}.Debug|Any CPU.ActiveCfg = Debug|Any CPU
		{18E7E394-253E-4307-A93B-1D5EE9E21755}.Debug|Any CPU.Build.0 = Debug|Any CPU
		{18E7E394-253E-4307-A93B-1D5EE9E21755}.Release|Any CPU.ActiveCfg = Release|Any CPU
		{18E7E394-253E-4307-A93B-1D5EE9E21755}.Release|Any CPU.Build.0 = Release|Any CPU
	EndGlobalSection
	GlobalSection(SolutionProperties) = preSolution
		HideSolutionNode = FALSE
	EndGlobalSection
	GlobalSection(ExtensibilityGlobals) = postSolution
		SolutionGuid = {7CE3F415-A521-4801-A873-08EE421E42F6}
	EndGlobalSection
EndGlobal
